
Microsoft Visual Studio Solution File, Format Version 12.00
# Visual Studio Version 16
VisualStudioVersion = 16.0.30413.136
MinimumVisualStudioVersion = 10.0.40219.1
Project("{FAE04EC0-301F-11D3-BF4B-00C04F79EFBC}") = "Metody11", "Metody11\Metody11.csproj", "{F41DF0AA-3167-4292-9D44-3190D5B708F5}"
EndProject
Project("{FAE04EC0-301F-11D3-BF4B-00C04F79EFBC}") = "Metody12", "Metody12\Metody12.csproj", "{AEC67E99-09B0-49B7-9553-527DCA5170CA}"
EndProject
Project("{FAE04EC0-301F-11D3-BF4B-00C04F79EFBC}") = "Metody13", "Metody13\Metody13.csproj", "{9EAA40D1-0F03-441C-B9D9-99BA22CF1AEB}"
EndProject
Project("{FAE04EC0-301F-11D3-BF4B-00C04F79EFBC}") = "Metody14", "Metody14\Metody14.csproj", "{4893C62D-0318-455A-ABD0-D45DC8A584B8}"
EndProject
Project("{FAE04EC0-301F-11D3-BF4B-00C04F79EFBC}") = "Metody10", "Metody10\Metody10.csproj", "{929F4540-A928-4521-87A2-A2C12C871116}"
EndProject
Global
	GlobalSection(SolutionConfigurationPlatforms) = preSolution
		Debug|Any CPU = Debug|Any CPU
		Release|Any CPU = Release|Any CPU
	EndGlobalSection
	GlobalSection(ProjectConfigurationPlatforms) = postSolution
		{F41DF0AA-3167-4292-9D44-3190D5B708F5}.Debug|Any CPU.ActiveCfg = Debug|Any CPU
		{F41DF0AA-3167-4292-9D44-3190D5B708F5}.Debug|Any CPU.Build.0 = Debug|Any CPU
		{F41DF0AA-3167-4292-9D44-3190D5B708F5}.Release|Any CPU.ActiveCfg = Release|Any CPU
		{F41DF0AA-3167-4292-9D44-3190D5B708F5}.Release|Any CPU.Build.0 = Release|Any CPU
		{AEC67E99-09B0-49B7-9553-527DCA5170CA}.Debug|Any CPU.ActiveCfg = Debug|Any CPU
		{AEC67E99-09B0-49B7-9553-527DCA5170CA}.Debug|Any CPU.Build.0 = Debug|Any CPU
		{AEC67E99-09B0-49B7-9553-527DCA5170CA}.Release|Any CPU.ActiveCfg = Release|Any CPU
		{AEC67E99-09B0-49B7-9553-527DCA5170CA}.Release|Any CPU.Build.0 = Release|Any CPU
		{9EAA40D1-0F03-441C-B9D9-99BA22CF1AEB}.Debug|Any CPU.ActiveCfg = Debug|Any CPU
		{9EAA40D1-0F03-441C-B9D9-99BA22CF1AEB}.Debug|Any CPU.Build.0 = Debug|Any CPU
		{9EAA40D1-0F03-441C-B9D9-99BA22CF1AEB}.Release|Any CPU.ActiveCfg = Release|Any CPU
		{9EAA40D1-0F03-441C-B9D9-99BA22CF1AEB}.Release|Any CPU.Build.0 = Release|Any CPU
		{4893C62D-0318-455A-ABD0-D45DC8A584B8}.Debug|Any CPU.ActiveCfg = Debug|Any CPU
		{4893C62D-0318-455A-ABD0-D45DC8A584B8}.Debug|Any CPU.Build.0 = Debug|Any CPU
		{4893C62D-0318-455A-ABD0-D45DC8A584B8}.Release|Any CPU.ActiveCfg = Release|Any CPU
		{4893C62D-0318-455A-ABD0-D45DC8A584B8}.Release|Any CPU.Build.0 = Release|Any CPU
		{929F4540-A928-4521-87A2-A2C12C871116}.Debug|Any CPU.ActiveCfg = Debug|Any CPU
		{929F4540-A928-4521-87A2-A2C12C871116}.Debug|Any CPU.Build.0 = Debug|Any CPU
		{929F4540-A928-4521-87A2-A2C12C871116}.Release|Any CPU.ActiveCfg = Release|Any CPU
		{929F4540-A928-4521-87A2-A2C12C871116}.Release|Any CPU.Build.0 = Release|Any CPU
	EndGlobalSection
	GlobalSection(SolutionProperties) = preSolution
		HideSolutionNode = FALSE
	EndGlobalSection
	GlobalSection(ExtensibilityGlobals) = postSolution
		SolutionGuid = {096BC305-B412-4BE5-9AEC-419654972E26}
	EndGlobalSection
EndGlobal
